
Microsoft Visual Studio Solution File, Format Version 12.00
# Visual Studio Version 16
VisualStudioVersion = 16.0.31410.357
MinimumVisualStudioVersion = 10.0.40219.1
Project("{9A19103F-16F7-4668-BE54-9A1E7A4F7556}") = "ContosoPizza", "ContosoPizza.csproj", "{5484A587-A4FD-4900-826F-198C4F133433}"
EndProject
Global
	GlobalSection(SolutionConfigurationPlatforms) = preSolution
		Debug|Any CPU = Debug|Any CPU
		Release|Any CPU = Release|Any CPU
	EndGlobalSection
	GlobalSection(ProjectConfigurationPlatforms) = postSolution
		{5484A587-A4FD-4900-826F-198C4F133433}.Debug|Any CPU.ActiveCfg = Debug|Any CPU
		{5484A587-A4FD-4900-826F-198C4F133433}.Debug|Any CPU.Build.0 = Debug|Any CPU
		{5484A587-A4FD-4900-826F-198C4F133433}.Release|Any CPU.ActiveCfg = Release|Any CPU
		{5484A587-A4FD-4900-826F-198C4F133433}.Release|Any CPU.Build.0 = Release|Any CPU
	EndGlobalSection
	GlobalSection(SolutionProperties) = preSolution
		HideSolutionNode = FALSE
	EndGlobalSection
	GlobalSection(ExtensibilityGlobals) = postSolution
		SolutionGuid = {D36C62E3-8DA4-4673-9388-9AD691D96A24}
	EndGlobalSection
EndGlobal
